<?xml version="1.0" encoding="utf-8"?>
<Project ToolsVersion="4.0" xmlns="http://schemas.microsoft.com/developer/msbuild/2003">
  <ItemGroup>
    <Filter Include="Source Files">
      <UniqueIdentifier>{4FC737F1-C7A5-4376-A066-2A32D752A2FF}</UniqueIdentifier>
      <Extensions>cpp;c;cc;cxx;def;odl;idl;hpj;bat;asm;asmx</Extensions>
    </Filter>
    <Filter Include="Header Files">
      <UniqueIdentifier>{93995380-89BD-4b04-88EB-625FBE52EBFB}</UniqueIdentifier>
      <Extensions>h;hh;hpp;hxx;hm;inl;inc;xsd</Extensions>
    </Filter>
    <Filter Include="Resource Files">
      <UniqueIdentifier>{67DA6AB6-F800-4c08-8B7A-83BB121AAD01}</UniqueIdentifier>
      <Extensions>rc;ico;cur;bmp;dlg;rc2;rct;bin;rgs;gif;jpg;jpeg;jpe;resx;tiff;tif;png;wav;mfcribbon-ms</Extensions>
    </Filter>
    <Filter Include="Header Files\Render">
      <UniqueIdentifier>{181060ed-4b29-4b83-bb32-4a5b3bbabdc6}</UniqueIdentifier>
    </Filter>
    <Filter Include="Header Files\Util">
      <UniqueIdentifier>{583e425c-5a31-41c4-9bc7-b6db1b4c2252}</UniqueIdentifier>
    </Filter>
    <Filter Include="Header Files\Math">
      <UniqueIdentifier>{c6c9a8d7-7598-4092-91ee-4e94345e43a5}</UniqueIdentifier>
    </Filter>
    <Filter Include="Source Files\Math">
      <UniqueIdentifier>{b2e140f4-d924-44d8-bf02-e402a8a1247b}</UniqueIdentifier>
    </Filter>
    <Filter Include="Source Files\Util">
      <UniqueIdentifier>{d84882ec-67fa-4874-83dc-245c79667b9d}</UniqueIdentifier>
    </Filter>
    <Filter Include="Source Files\Render">
      <UniqueIdentifier>{7882ca95-45ba-441f-9fd0-10545e531370}</UniqueIdentifier>
    </Filter>
    <Filter Include="Header Files\Input">
      <UniqueIdentifier>{d2c09a98-f7f3-42a6-93a9-ddc7a32ac995}</UniqueIdentifier>
    </Filter>
    <Filter Include="Source Files\Input">
      <UniqueIdentifier>{f0dfa361-2102-4b24-b2ec-d33ad2ecf25f}</UniqueIdentifier>
    </Filter>
    <Filter Include="Source Files\Input\Behaviours">
      <UniqueIdentifier>{f249556b-c695-42b2-9e62-6d3934edfd9e}</UniqueIdentifier>
    </Filter>
  </ItemGroup>
  <ItemGroup>
    <ClInclude Include="Constants.h">
      <Filter>Header Files\Math</Filter>
    </ClInclude>
    <ClInclude Include="GLMatrixf.h">
      <Filter>Header Files\Math</Filter>
    </ClInclude>
    <ClInclude Include="GLVector3f.h">
      <Filter>Header Files\Math</Filter>
    </ClInclude>
    <ClInclude Include="Camera.h">
      <Filter>Header Files\Render</Filter>
    </ClInclude>
    <ClInclude Include="Timer.h">
      <Filter>Header Files\Util</Filter>
    </ClInclude>
    <ClInclude Include="InputHandler.h">
      <Filter>Header Files\Input</Filter>
    </ClInclude>
    <ClInclude Include="Behaviours.h">
      <Filter>Header Files\Input</Filter>
    </ClInclude>
    <ClInclude Include="ObjReader.h">
      <Filter>Header Files\Util</Filter>
    </ClInclude>
    <ClInclude Include="textures.h">
      <Filter>Header Files\Render</Filter>
    </ClInclude>
    <ClInclude Include="Image.h">
      <Filter>Header Files\Render</Filter>
    </ClInclude>
    <ClInclude Include="shapes.h">
      <Filter>Header Files\Util</Filter>
    </ClInclude>
    <ClInclude Include="render.h">
      <Filter>Header Files</Filter>
    </ClInclude>
    <ClInclude Include="lights.h">
      <Filter>Header Files\Render</Filter>
    </ClInclude>
  </ItemGroup>
  <ItemGroup>
    <ClCompile Include="GLMatrixf.cpp">
      <Filter>Source Files\Math</Filter>
    </ClCompile>
    <ClCompile Include="GLVector3f.cpp">
      <Filter>Source Files\Math</Filter>
    </ClCompile>
    <ClCompile Include="Timer.cpp">
      <Filter>Source Files\Util</Filter>
    </ClCompile>
    <ClCompile Include="Camera.cpp">
      <Filter>Source Files\Render</Filter>
    </ClCompile>
    <ClCompile Include="InputHandler.cpp">
      <Filter>Source Files\Input</Filter>
    </ClCompile>
    <ClCompile Include="Main.cpp">
      <Filter>Source Files</Filter>
    </ClCompile>
    <ClCompile Include="Behaviour.cpp">
      <Filter>Source Files\Input\Behaviours</Filter>
    </ClCompile>
    <ClCompile Include="ExtendedBehaviour.cpp">
      <Filter>Source Files\Input\Behaviours</Filter>
    </ClCompile>
    <ClCompile Include="TypicalBehaviour.cpp">
      <Filter>Source Files\Input\Behaviours</Filter>
    </ClCompile>
    <ClCompile Include="ShowKeysBehaviour.cpp">
      <Filter>Source Files\Input\Behaviours</Filter>
    </ClCompile>
    <ClCompile Include="ObjReader.cpp">
      <Filter>Source Files\Util</Filter>
    </ClCompile>
  </ItemGroup>
</Project>